
Microsoft Visual Studio Solution File, Format Version 12.00
# Visual Studio Version 16
VisualStudioVersion = 16.0.32407.337
MinimumVisualStudioVersion = 10.0.40219.1
Project("{FAE04EC0-301F-11D3-BF4B-00C04F79EFBC}") = "FoodDelivery_Backend", "FoodDelivery_Backend\FoodDelivery_Backend.csproj", "{658AD85D-7E74-4CBE-947D-1AFB6E85C2D1}"
EndProject
Project("{00D1A9C2-B5F0-4AF3-8072-F6C62B433612}") = "food_delivery_backendDB_project", "food_delivery_backendDB_project\food_delivery_backendDB_project.sqlproj", "{B782BAE6-A1B8-4142-86B5-880EADF6864F}"
EndProject
Global
	GlobalSection(SolutionConfigurationPlatforms) = preSolution
		Debug|Any CPU = Debug|Any CPU
		Release|Any CPU = Release|Any CPU
	EndGlobalSection
	GlobalSection(ProjectConfigurationPlatforms) = postSolution
		{658AD85D-7E74-4CBE-947D-1AFB6E85C2D1}.Debug|Any CPU.ActiveCfg = Debug|Any CPU
		{658AD85D-7E74-4CBE-947D-1AFB6E85C2D1}.Debug|Any CPU.Build.0 = Debug|Any CPU
		{658AD85D-7E74-4CBE-947D-1AFB6E85C2D1}.Release|Any CPU.ActiveCfg = Release|Any CPU
		{658AD85D-7E74-4CBE-947D-1AFB6E85C2D1}.Release|Any CPU.Build.0 = Release|Any CPU
		{B782BAE6-A1B8-4142-86B5-880EADF6864F}.Debug|Any CPU.ActiveCfg = Debug|Any CPU
		{B782BAE6-A1B8-4142-86B5-880EADF6864F}.Debug|Any CPU.Build.0 = Debug|Any CPU
		{B782BAE6-A1B8-4142-86B5-880EADF6864F}.Debug|Any CPU.Deploy.0 = Debug|Any CPU
		{B782BAE6-A1B8-4142-86B5-880EADF6864F}.Release|Any CPU.ActiveCfg = Release|Any CPU
		{B782BAE6-A1B8-4142-86B5-880EADF6864F}.Release|Any CPU.Build.0 = Release|Any CPU
		{B782BAE6-A1B8-4142-86B5-880EADF6864F}.Release|Any CPU.Deploy.0 = Release|Any CPU
	EndGlobalSection
	GlobalSection(SolutionProperties) = preSolution
		HideSolutionNode = FALSE
	EndGlobalSection
	GlobalSection(ExtensibilityGlobals) = postSolution
		SolutionGuid = {74B7D7F2-1D1A-4231-91AA-5699EC181F72}
	EndGlobalSection
EndGlobal
